
Microsoft Visual Studio Solution File, Format Version 12.00
# Visual Studio Version 16
VisualStudioVersion = 16.0.29201.188
MinimumVisualStudioVersion = 10.0.40219.1
Project("{FAE04EC0-301F-11D3-BF4B-00C04F79EFBC}") = "MyExperiments", "MyExperiments\MyExperiments.csproj", "{3BFB8E8B-25AF-43CF-B631-DCB9B942123E}"
EndProject
Project("{FAE04EC0-301F-11D3-BF4B-00C04F79EFBC}") = "MyTests", "MyTests\MyTests.csproj", "{5198E303-D834-43FD-9320-52732BC19580}"
EndProject
Project("{9A19103F-16F7-4668-BE54-9A1E7A4F7556}") = "ClassLibraryNETStandard", "ClassLibraryNETStandard\ClassLibraryNETStandard.csproj", "{2CAD2EBD-2472-458D-A45D-F623B633D774}"
EndProject
Project("{FAE04EC0-301F-11D3-BF4B-00C04F79EFBC}") = "MyClassLibrary", "MyClassLibrary\MyClassLibrary.csproj", "{D3E0A513-158F-4E13-9EC4-29C1E3F886B3}"
EndProject
Project("{9A19103F-16F7-4668-BE54-9A1E7A4F7556}") = "UnityDemo", "UnityDemo\UnityDemo.csproj", "{6E8100B5-88A0-467F-8C51-413EA80C4ADD}"
EndProject
Project("{9A19103F-16F7-4668-BE54-9A1E7A4F7556}") = "UnityDemoCoreTest", "UnityDemoCoreTest\UnityDemoCoreTest.csproj", "{B79FDA3A-801D-4F55-869E-9B484B797102}"
EndProject
Project("{FAE04EC0-301F-11D3-BF4B-00C04F79EFBC}") = "UnityDemoTest", "UnityDemoTest\UnityDemoTest.csproj", "{758B1F8B-D23D-4FC5-89A4-F8068AFB34CC}"
EndProject
Project("{2150E333-8FDC-42A3-9474-1A3956D46DE8}") = "Unity", "Unity", "{9074382F-4385-4BD8-8CC4-EAF89E286761}"
EndProject
Project("{FAE04EC0-301F-11D3-BF4B-00C04F79EFBC}") = "MoqTest", "MoqTest\MoqTest.csproj", "{F3E8AF74-16CE-4D5E-A88C-2F5AAB54108D}"
EndProject
Project("{FAE04EC0-301F-11D3-BF4B-00C04F79EFBC}") = "UnitTestProject1", "UnitTestProject1\UnitTestProject1.csproj", "{4766B450-2E4A-45C3-87D0-03EA95CD8D2D}"
EndProject
Global
	GlobalSection(SolutionConfigurationPlatforms) = preSolution
		Debug|Any CPU = Debug|Any CPU
		Release|Any CPU = Release|Any CPU
	EndGlobalSection
	GlobalSection(ProjectConfigurationPlatforms) = postSolution
		{3BFB8E8B-25AF-43CF-B631-DCB9B942123E}.Debug|Any CPU.ActiveCfg = Debug|Any CPU
		{3BFB8E8B-25AF-43CF-B631-DCB9B942123E}.Debug|Any CPU.Build.0 = Debug|Any CPU
		{3BFB8E8B-25AF-43CF-B631-DCB9B942123E}.Release|Any CPU.ActiveCfg = Release|Any CPU
		{3BFB8E8B-25AF-43CF-B631-DCB9B942123E}.Release|Any CPU.Build.0 = Release|Any CPU
		{5198E303-D834-43FD-9320-52732BC19580}.Debug|Any CPU.ActiveCfg = Debug|Any CPU
		{5198E303-D834-43FD-9320-52732BC19580}.Debug|Any CPU.Build.0 = Debug|Any CPU
		{5198E303-D834-43FD-9320-52732BC19580}.Release|Any CPU.ActiveCfg = Release|Any CPU
		{5198E303-D834-43FD-9320-52732BC19580}.Release|Any CPU.Build.0 = Release|Any CPU
		{2CAD2EBD-2472-458D-A45D-F623B633D774}.Debug|Any CPU.ActiveCfg = Debug|Any CPU
		{2CAD2EBD-2472-458D-A45D-F623B633D774}.Debug|Any CPU.Build.0 = Debug|Any CPU
		{2CAD2EBD-2472-458D-A45D-F623B633D774}.Release|Any CPU.ActiveCfg = Release|Any CPU
		{2CAD2EBD-2472-458D-A45D-F623B633D774}.Release|Any CPU.Build.0 = Release|Any CPU
		{D3E0A513-158F-4E13-9EC4-29C1E3F886B3}.Debug|Any CPU.ActiveCfg = Debug|Any CPU
		{D3E0A513-158F-4E13-9EC4-29C1E3F886B3}.Debug|Any CPU.Build.0 = Debug|Any CPU
		{D3E0A513-158F-4E13-9EC4-29C1E3F886B3}.Release|Any CPU.ActiveCfg = Release|Any CPU
		{D3E0A513-158F-4E13-9EC4-29C1E3F886B3}.Release|Any CPU.Build.0 = Release|Any CPU
		{6E8100B5-88A0-467F-8C51-413EA80C4ADD}.Debug|Any CPU.ActiveCfg = Debug|Any CPU
		{6E8100B5-88A0-467F-8C51-413EA80C4ADD}.Debug|Any CPU.Build.0 = Debug|Any CPU
		{6E8100B5-88A0-467F-8C51-413EA80C4ADD}.Release|Any CPU.ActiveCfg = Release|Any CPU
		{6E8100B5-88A0-467F-8C51-413EA80C4ADD}.Release|Any CPU.Build.0 = Release|Any CPU
		{B79FDA3A-801D-4F55-869E-9B484B797102}.Debug|Any CPU.ActiveCfg = Debug|Any CPU
		{B79FDA3A-801D-4F55-869E-9B484B797102}.Debug|Any CPU.Build.0 = Debug|Any CPU
		{B79FDA3A-801D-4F55-869E-9B484B797102}.Release|Any CPU.ActiveCfg = Release|Any CPU
		{B79FDA3A-801D-4F55-869E-9B484B797102}.Release|Any CPU.Build.0 = Release|Any CPU
		{758B1F8B-D23D-4FC5-89A4-F8068AFB34CC}.Debug|Any CPU.ActiveCfg = Debug|Any CPU
		{758B1F8B-D23D-4FC5-89A4-F8068AFB34CC}.Debug|Any CPU.Build.0 = Debug|Any CPU
		{758B1F8B-D23D-4FC5-89A4-F8068AFB34CC}.Release|Any CPU.ActiveCfg = Release|Any CPU
		{758B1F8B-D23D-4FC5-89A4-F8068AFB34CC}.Release|Any CPU.Build.0 = Release|Any CPU
		{F3E8AF74-16CE-4D5E-A88C-2F5AAB54108D}.Debug|Any CPU.ActiveCfg = Debug|Any CPU
		{F3E8AF74-16CE-4D5E-A88C-2F5AAB54108D}.Debug|Any CPU.Build.0 = Debug|Any CPU
		{F3E8AF74-16CE-4D5E-A88C-2F5AAB54108D}.Release|Any CPU.ActiveCfg = Release|Any CPU
		{F3E8AF74-16CE-4D5E-A88C-2F5AAB54108D}.Release|Any CPU.Build.0 = Release|Any CPU
		{4766B450-2E4A-45C3-87D0-03EA95CD8D2D}.Debug|Any CPU.ActiveCfg = Debug|Any CPU
		{4766B450-2E4A-45C3-87D0-03EA95CD8D2D}.Debug|Any CPU.Build.0 = Debug|Any CPU
		{4766B450-2E4A-45C3-87D0-03EA95CD8D2D}.Release|Any CPU.ActiveCfg = Release|Any CPU
		{4766B450-2E4A-45C3-87D0-03EA95CD8D2D}.Release|Any CPU.Build.0 = Release|Any CPU
	EndGlobalSection
	GlobalSection(SolutionProperties) = preSolution
		HideSolutionNode = FALSE
	EndGlobalSection
	GlobalSection(NestedProjects) = preSolution
		{6E8100B5-88A0-467F-8C51-413EA80C4ADD} = {9074382F-4385-4BD8-8CC4-EAF89E286761}
		{B79FDA3A-801D-4F55-869E-9B484B797102} = {9074382F-4385-4BD8-8CC4-EAF89E286761}
		{758B1F8B-D23D-4FC5-89A4-F8068AFB34CC} = {9074382F-4385-4BD8-8CC4-EAF89E286761}
	EndGlobalSection
	GlobalSection(ExtensibilityGlobals) = postSolution
		SolutionGuid = {06FE907B-45EB-47B9-A72D-BA46B01D4B27}
	EndGlobalSection
EndGlobal
