
Microsoft Visual Studio Solution File, Format Version 12.00
# Visual Studio Version 16
VisualStudioVersion = 16.0.29201.188
MinimumVisualStudioVersion = 10.0.40219.1
Project("{FAE04EC0-301F-11D3-BF4B-00C04F79EFBC}") = "MyExperiments", "MyExperiments\MyExperiments.csproj", "{3BFB8E8B-25AF-43CF-B631-DCB9B942123E}"
EndProject
Project("{FAE04EC0-301F-11D3-BF4B-00C04F79EFBC}") = "MyTests", "MyTests\MyTests.csproj", "{5198E303-D834-43FD-9320-52732BC19580}"
EndProject
Project("{FAE04EC0-301F-11D3-BF4B-00C04F79EFBC}") = "ClassLibraryNETStandard", "ClassLibraryNETStandard\ClassLibraryNETStandard.csproj", "{2CAD2EBD-2472-458D-A45D-F623B633D774}"
EndProject
Project("{FAE04EC0-301F-11D3-BF4B-00C04F79EFBC}") = "MyClassLibrary", "MyClassLibrary\MyClassLibrary.csproj", "{D3E0A513-158F-4E13-9EC4-29C1E3F886B3}"
EndProject
Global
	GlobalSection(SolutionConfigurationPlatforms) = preSolution
		Debug|Any CPU = Debug|Any CPU
		Release|Any CPU = Release|Any CPU
	EndGlobalSection
	GlobalSection(ProjectConfigurationPlatforms) = postSolution
		{3BFB8E8B-25AF-43CF-B631-DCB9B942123E}.Debug|Any CPU.ActiveCfg = Debug|Any CPU
		{3BFB8E8B-25AF-43CF-B631-DCB9B942123E}.Debug|Any CPU.Build.0 = Debug|Any CPU
		{3BFB8E8B-25AF-43CF-B631-DCB9B942123E}.Release|Any CPU.ActiveCfg = Release|Any CPU
		{3BFB8E8B-25AF-43CF-B631-DCB9B942123E}.Release|Any CPU.Build.0 = Release|Any CPU
		{5198E303-D834-43FD-9320-52732BC19580}.Debug|Any CPU.ActiveCfg = Debug|Any CPU
		{5198E303-D834-43FD-9320-52732BC19580}.Debug|Any CPU.Build.0 = Debug|Any CPU
		{5198E303-D834-43FD-9320-52732BC19580}.Release|Any CPU.ActiveCfg = Release|Any CPU
		{5198E303-D834-43FD-9320-52732BC19580}.Release|Any CPU.Build.0 = Release|Any CPU
		{2CAD2EBD-2472-458D-A45D-F623B633D774}.Debug|Any CPU.ActiveCfg = Debug|Any CPU
		{2CAD2EBD-2472-458D-A45D-F623B633D774}.Debug|Any CPU.Build.0 = Debug|Any CPU
		{2CAD2EBD-2472-458D-A45D-F623B633D774}.Release|Any CPU.ActiveCfg = Release|Any CPU
		{2CAD2EBD-2472-458D-A45D-F623B633D774}.Release|Any CPU.Build.0 = Release|Any CPU
		{D3E0A513-158F-4E13-9EC4-29C1E3F886B3}.Debug|Any CPU.ActiveCfg = Debug|Any CPU
		{D3E0A513-158F-4E13-9EC4-29C1E3F886B3}.Debug|Any CPU.Build.0 = Debug|Any CPU
		{D3E0A513-158F-4E13-9EC4-29C1E3F886B3}.Release|Any CPU.ActiveCfg = Release|Any CPU
		{D3E0A513-158F-4E13-9EC4-29C1E3F886B3}.Release|Any CPU.Build.0 = Release|Any CPU
	EndGlobalSection
	GlobalSection(SolutionProperties) = preSolution
		HideSolutionNode = FALSE
	EndGlobalSection
	GlobalSection(ExtensibilityGlobals) = postSolution
		SolutionGuid = {06FE907B-45EB-47B9-A72D-BA46B01D4B27}
	EndGlobalSection
EndGlobal
